// !$*UTF8*$!
{
	archiveVersion = 1;
	classes = {
	};
	objectVersion = 46;
	objects = {

/* Begin PBXBuildFile section */
		A8084D2220F646B300BBA48E /* AppDelegate.swift in Sources */ = {isa = PBXBuildFile; fileRef = A8084D2120F646B300BBA48E /* AppDelegate.swift */; };
		A8084D2420F646B300BBA48E /* ViewController.swift in Sources */ = {isa = PBXBuildFile; fileRef = A8084D2320F646B300BBA48E /* ViewController.swift */; };
		A8084D2720F646B300BBA48E /* Main.storyboard in Resources */ = {isa = PBXBuildFile; fileRef = A8084D2520F646B300BBA48E /* Main.storyboard */; };
		A8084D2920F646B300BBA48E /* Assets.xcassets in Resources */ = {isa = PBXBuildFile; fileRef = A8084D2820F646B300BBA48E /* Assets.xcassets */; };
		A8084D2C20F646B300BBA48E /* LaunchScreen.storyboard in Resources */ = {isa = PBXBuildFile; fileRef = A8084D2A20F646B300BBA48E /* LaunchScreen.storyboard */; };
		A8084D3720F646B300BBA48E /* singleViewTestTests.swift in Sources */ = {isa = PBXBuildFile; fileRef = A8084D3620F646B300BBA48E /* singleViewTestTests.swift */; };
		A8084D4220F646B300BBA48E /* singleViewTestUITests.swift in Sources */ = {isa = PBXBuildFile; fileRef = A8084D4120F646B300BBA48E /* singleViewTestUITests.swift */; };
		A8C9EF582100B8010003AC30 /* index.html in Resources */ = {isa = PBXBuildFile; fileRef = A8C9EF572100B8010003AC30 /* index.html */; };
/* End PBXBuildFile section */

/* Begin PBXContainerItemProxy section */
		A8084D3320F646B300BBA48E /* PBXContainerItemProxy */ = {
			isa = PBXContainerItemProxy;
			containerPortal = A8084D1620F646B300BBA48E /* Project object */;
			proxyType = 1;
			remoteGlobalIDString = A8084D1D20F646B300BBA48E;
			remoteInfo = singleViewTest;
		};
		A8084D3E20F646B300BBA48E /* PBXContainerItemProxy */ = {
			isa = PBXContainerItemProxy;
			containerPortal = A8084D1620F646B300BBA48E /* Project object */;
			proxyType = 1;
			remoteGlobalIDString = A8084D1D20F646B300BBA48E;
			remoteInfo = singleViewTest;
		};
/* End PBXContainerItemProxy section */

/* Begin PBXFileReference section */
		A8084D1E20F646B300BBA48E /* singleViewTest.app */ = {isa = PBXFileReference; explicitFileType = wrapper.application; includeInIndex = 0; path = singleViewTest.app; sourceTree = BUILT_PRODUCTS_DIR; };
		A8084D2120F646B300BBA48E /* AppDelegate.swift */ = {isa = PBXFileReference; lastKnownFileType = sourcecode.swift; path = AppDelegate.swift; sourceTree = "<group>"; };
		A8084D2320F646B300BBA48E /* ViewController.swift */ = {isa = PBXFileReference; lastKnownFileType = sourcecode.swift; path = ViewController.swift; sourceTree = "<group>"; };
		A8084D2620F646B300BBA48E /* Base */ = {isa = PBXFileReference; lastKnownFileType = file.storyboard; name = Base; path = Base.lproj/Main.storyboard; sourceTree = "<group>"; };
		A8084D2820F646B300BBA48E /* Assets.xcassets */ = {isa = PBXFileReference; lastKnownFileType = folder.assetcatalog; path = Assets.xcassets; sourceTree = "<group>"; };
		A8084D2B20F646B300BBA48E /* Base */ = {isa = PBXFileReference; lastKnownFileType = file.storyboard; name = Base; path = Base.lproj/LaunchScreen.storyboard; sourceTree = "<group>"; };
		A8084D2D20F646B300BBA48E /* Info.plist */ = {isa = PBXFileReference; lastKnownFileType = text.plist.xml; path = Info.plist; sourceTree = "<group>"; };
		A8084D3220F646B300BBA48E /* singleViewTestTests.xctest */ = {isa = PBXFileReference; explicitFileType = wrapper.cfbundle; includeInIndex = 0; path = singleViewTestTests.xctest; sourceTree = BUILT_PRODUCTS_DIR; };
		A8084D3620F646B300BBA48E /* singleViewTestTests.swift */ = {isa = PBXFileReference; lastKnownFileType = sourcecode.swift; path = singleViewTestTests.swift; sourceTree = "<group>"; };
		A8084D3820F646B300BBA48E /* Info.plist */ = {isa = PBXFileReference; lastKnownFileType = text.plist.xml; path = Info.plist; sourceTree = "<group>"; };
		A8084D3D20F646B300BBA48E /* singleViewTestUITests.xctest */ = {isa = PBXFileReference; explicitFileType = wrapper.cfbundle; includeInIndex = 0; path = singleViewTestUITests.xctest; sourceTree = BUILT_PRODUCTS_DIR; };
		A8084D4120F646B300BBA48E /* singleViewTestUITests.swift */ = {isa = PBXFileReference; lastKnownFileType = sourcecode.swift; path = singleViewTestUITests.swift; sourceTree = "<group>"; };
		A8084D4320F646B300BBA48E /* Info.plist */ = {isa = PBXFileReference; lastKnownFileType = text.plist.xml; path = Info.plist; sourceTree = "<group>"; };
		A8C9EF572100B8010003AC30 /* index.html */ = {isa = PBXFileReference; fileEncoding = 4; lastKnownFileType = text.html; name = index.html; path = ../../../Documents/index.html; sourceTree = "<group>"; };
/* End PBXFileReference section */

/* Begin PBXFrameworksBuildPhase section */
		A8084D1B20F646B300BBA48E /* Frameworks */ = {
			isa = PBXFrameworksBuildPhase;
			buildActionMask = 2147483647;
			files = (
			);
			runOnlyForDeploymentPostprocessing = 0;
		};
		A8084D2F20F646B300BBA48E /* Frameworks */ = {
			isa = PBXFrameworksBuildPhase;
			buildActionMask = 2147483647;
			files = (
			);
			runOnlyForDeploymentPostprocessing = 0;
		};
		A8084D3A20F646B300BBA48E /* Frameworks */ = {
			isa = PBXFrameworksBuildPhase;
			buildActionMask = 2147483647;
			files = (
			);
			runOnlyForDeploymentPostprocessing = 0;
		};
/* End PBXFrameworksBuildPhase section */

/* Begin PBXGroup section */
		A8084D1520F646B300BBA48E = {
			isa = PBXGroup;
			children = (
				A8084D2020F646B300BBA48E /* singleViewTest */,
				A8084D3520F646B300BBA48E /* singleViewTestTests */,
				A8084D4020F646B300BBA48E /* singleViewTestUITests */,
				A8084D1F20F646B300BBA48E /* Products */,
			);
			sourceTree = "<group>";
		};
		A8084D1F20F646B300BBA48E /* Products */ = {
			isa = PBXGroup;
			children = (
				A8084D1E20F646B300BBA48E /* singleViewTest.app */,
				A8084D3220F646B300BBA48E /* singleViewTestTests.xctest */,
				A8084D3D20F646B300BBA48E /* singleViewTestUITests.xctest */,
			);
			name = Products;
			sourceTree = "<group>";
		};
		A8084D2020F646B300BBA48E /* singleViewTest */ = {
			isa = PBXGroup;
			children = (
				A8C9EF572100B8010003AC30 /* index.html */,
				A8084D2120F646B300BBA48E /* AppDelegate.swift */,
				A8084D2320F646B300BBA48E /* ViewController.swift */,
				A8084D2520F646B300BBA48E /* Main.storyboard */,
				A8084D2820F646B300BBA48E /* Assets.xcassets */,
				A8084D2A20F646B300BBA48E /* LaunchScreen.storyboard */,
				A8084D2D20F646B300BBA48E /* Info.plist */,
			);
			path = singleViewTest;
			sourceTree = "<group>";
		};
		A8084D3520F646B300BBA48E /* singleViewTestTests */ = {
			isa = PBXGroup;
			children = (
				A8084D3620F646B300BBA48E /* singleViewTestTests.swift */,
				A8084D3820F646B300BBA48E /* Info.plist */,
			);
			path = singleViewTestTests;
			sourceTree = "<group>";
		};
		A8084D4020F646B300BBA48E /* singleViewTestUITests */ = {
			isa = PBXGroup;
			children = (
				A8084D4120F646B300BBA48E /* singleViewTestUITests.swift */,
				A8084D4320F646B300BBA48E /* Info.plist */,
			);
			path = singleViewTestUITests;
			sourceTree = "<group>";
		};
/* End PBXGroup section */

/* Begin PBXNativeTarget section */
		A8084D1D20F646B300BBA48E /* singleViewTest */ = {
			isa = PBXNativeTarget;
			buildConfigurationList = A8084D4620F646B300BBA48E /* Build configuration list for PBXNativeTarget "singleViewTest" */;
			buildPhases = (
				A8084D1A20F646B300BBA48E /* Sources */,
				A8084D1B20F646B300BBA48E /* Frameworks */,
				A8084D1C20F646B300BBA48E /* Resources */,
			);
			buildRules = (
			);
			dependencies = (
			);
			name = singleViewTest;
			productName = singleViewTest;
			productReference = A8084D1E20F646B300BBA48E /* singleViewTest.app */;
			productType = "com.apple.product-type.application";
		};
		A8084D3120F646B300BBA48E /* singleViewTestTests */ = {
			isa = PBXNativeTarget;
			buildConfigurationList = A8084D4920F646B300BBA48E /* Build configuration list for PBXNativeTarget "singleViewTestTests" */;
			buildPhases = (
				A8084D2E20F646B300BBA48E /* Sources */,
				A8084D2F20F646B300BBA48E /* Frameworks */,
				A8084D3020F646B300BBA48E /* Resources */,
			);
			buildRules = (
			);
			dependencies = (
				A8084D3420F646B300BBA48E /* PBXTargetDependency */,
			);
			name = singleViewTestTests;
			productName = singleViewTestTests;
			productReference = A8084D3220F646B300BBA48E /* singleViewTestTests.xctest */;
			productType = "com.apple.product-type.bundle.unit-test";
		};
		A8084D3C20F646B300BBA48E /* singleViewTestUITests */ = {
			isa = PBXNativeTarget;
			buildConfigurationList = A8084D4C20F646B300BBA48E /* Build configuration list for PBXNativeTarget "singleViewTestUITests" */;
			buildPhases = (
				A8084D3920F646B300BBA48E /* Sources */,
				A8084D3A20F646B300BBA48E /* Frameworks */,
				A8084D3B20F646B300BBA48E /* Resources */,
			);
			buildRules = (
			);
			dependencies = (
				A8084D3F20F646B300BBA48E /* PBXTargetDependency */,
			);
			name = singleViewTestUITests;
			productName = singleViewTestUITests;
			productReference = A8084D3D20F646B300BBA48E /* singleViewTestUITests.xctest */;
			productType = "com.apple.product-type.bundle.ui-testing";
		};
/* End PBXNativeTarget section */

/* Begin PBXProject section */
		A8084D1620F646B300BBA48E /* Project object */ = {
			isa = PBXProject;
			attributes = {
				LastSwiftUpdateCheck = 0820;
				LastUpgradeCheck = 0820;
				ORGANIZATIONNAME = "黄超";
				TargetAttributes = {
					A8084D1D20F646B300BBA48E = {
						CreatedOnToolsVersion = 8.2;
						DevelopmentTeam = RZ8KC45XCK;
						ProvisioningStyle = Automatic;
					};
					A8084D3120F646B300BBA48E = {
						CreatedOnToolsVersion = 8.2;
						ProvisioningStyle = Automatic;
						TestTargetID = A8084D1D20F646B300BBA48E;
					};
					A8084D3C20F646B300BBA48E = {
						CreatedOnToolsVersion = 8.2;
						ProvisioningStyle = Automatic;
						TestTargetID = A8084D1D20F646B300BBA48E;
					};
				};
			};
			buildConfigurationList = A8084D1920F646B300BBA48E /* Build configuration list for PBXProject "singleViewTest" */;
			compatibilityVersion = "Xcode 3.2";
			developmentRegion = English;
			hasScannedForEncodings = 0;
			knownRegions = (
				en,
				Base,
			);
			mainGroup = A8084D1520F646B300BBA48E;
			productRefGroup = A8084D1F20F646B300BBA48E /* Products */;
			projectDirPath = "";
			projectRoot = "";
			targets = (
				A8084D1D20F646B300BBA48E /* singleViewTest */,
				A8084D3120F646B300BBA48E /* singleViewTestTests */,
				A8084D3C20F646B300BBA48E /* singleViewTestUITests */,
			);
		};
/* End PBXProject section */

/* Begin PBXResourcesBuildPhase section */
		A8084D1C20F646B300BBA48E /* Resources */ = {
			isa = PBXResourcesBuildPhase;
			buildActionMask = 2147483647;
			files = (
				A8084D2C20F646B300BBA48E /* LaunchScreen.storyboard in Resources */,
				A8C9EF582100B8010003AC30 /* index.html in Resources */,
				A8084D2920F646B300BBA48E /* Assets.xcassets in Resources */,
				A8084D2720F646B300BBA48E /* Main.storyboard in Resources */,
			);
			runOnlyForDeploymentPostprocessing = 0;
		};
		A8084D3020F646B300BBA48E /* Resources */ = {
			isa = PBXResourcesBuildPhase;
			buildActionMask = 2147483647;
			files = (
			);
			runOnlyForDeploymentPostprocessing = 0;
		};
		A8084D3B20F646B300BBA48E /* Resources */ = {
			isa = PBXResourcesBuildPhase;
			buildActionMask = 2147483647;
			files = (
			);
			runOnlyForDeploymentPostprocessing = 0;
		};
/* End PBXResourcesBuildPhase section */

/* Begin PBXSourcesBuildPhase section */
		A8084D1A20F646B300BBA48E /* Sources */ = {
			isa = PBXSourcesBuildPhase;
			buildActionMask = 2147483647;
			files = (
				A8084D2420F646B300BBA48E /* ViewController.swift in Sources */,
				A8084D2220F646B300BBA48E /* AppDelegate.swift in Sources */,
			);
			runOnlyForDeploymentPostprocessing = 0;
		};
		A8084D2E20F646B300BBA48E /* Sources */ = {
			isa = PBXSourcesBuildPhase;
			buildActionMask = 2147483647;
			files = (
				A8084D3720F646B300BBA48E /* singleViewTestTests.swift in Sources */,
			);
			runOnlyForDeploymentPostprocessing = 0;
		};
		A8084D3920F646B300BBA48E /* Sources */ = {
			isa = PBXSourcesBuildPhase;
			buildActionMask = 2147483647;
			files = (
				A8084D4220F646B300BBA48E /* singleViewTestUITests.swift in Sources */,
			);
			runOnlyForDeploymentPostprocessing = 0;
		};
/* End PBXSourcesBuildPhase section */

/* Begin PBXTargetDependency section */
		A8084D3420F646B300BBA48E /* PBXTargetDependency */ = {
			isa = PBXTargetDependency;
			target = A8084D1D20F646B300BBA48E /* singleViewTest */;
			targetProxy = A8084D3320F646B300BBA48E /* PBXContainerItemProxy */;
		};
		A8084D3F20F646B300BBA48E /* PBXTargetDependency */ = {
			isa = PBXTargetDependency;
			target = A8084D1D20F646B300BBA48E /* singleViewTest */;
			targetProxy = A8084D3E20F646B300BBA48E /* PBXContainerItemProxy */;
		};
/* End PBXTargetDependency section */

/* Begin PBXVariantGroup section */
		A8084D2520F646B300BBA48E /* Main.storyboard */ = {
			isa = PBXVariantGroup;
			children = (
				A8084D2620F646B300BBA48E /* Base */,
			);
			name = Main.storyboard;
			sourceTree = "<group>";
		};
		A8084D2A20F646B300BBA48E /* LaunchScreen.storyboard */ = {
			isa = PBXVariantGroup;
			children = (
				A8084D2B20F646B300BBA48E /* Base */,
			);
			name = LaunchScreen.storyboard;
			sourceTree = "<group>";
		};
/* End PBXVariantGroup section */

/* Begin XCBuildConfiguration section */
		A8084D4420F646B300BBA48E /* Debug */ = {
			isa = XCBuildConfiguration;
			buildSettings = {
				ALWAYS_SEARCH_USER_PATHS = NO;
				CLANG_ANALYZER_NONNULL = YES;
				CLANG_CXX_LANGUAGE_STANDARD = "gnu++0x";
				CLANG_CXX_LIBRARY = "libc++";
				CLANG_ENABLE_MODULES = YES;
				CLANG_ENABLE_OBJC_ARC = YES;
				CLANG_WARN_BOOL_CONVERSION = YES;
				CLANG_WARN_CONSTANT_CONVERSION = YES;
				CLANG_WARN_DIRECT_OBJC_ISA_USAGE = YES_ERROR;
				CLANG_WARN_DOCUMENTATION_COMMENTS = YES;
				CLANG_WARN_EMPTY_BODY = YES;
				CLANG_WARN_ENUM_CONVERSION = YES;
				CLANG_WARN_INFINITE_RECURSION = YES;
				CLANG_WARN_INT_CONVERSION = YES;
				CLANG_WARN_OBJC_ROOT_CLASS = YES_ERROR;
				CLANG_WARN_SUSPICIOUS_MOVE = YES;
				CLANG_WARN_UNREACHABLE_CODE = YES;
				CLANG_WARN__DUPLICATE_METHOD_MATCH = YES;
				"CODE_SIGN_IDENTITY[sdk=iphoneos*]" = "iPhone Developer";
				COPY_PHASE_STRIP = NO;
				DEBUG_INFORMATION_FORMAT = dwarf;
				ENABLE_STRICT_OBJC_MSGSEND = YES;
				ENABLE_TESTABILITY = YES;
				GCC_C_LANGUAGE_STANDARD = gnu99;
				GCC_DYNAMIC_NO_PIC = NO;
				GCC_NO_COMMON_BLOCKS = YES;
				GCC_OPTIMIZATION_LEVEL = 0;
				GCC_PREPROCESSOR_DEFINITIONS = (
					"DEBUG=1",
					"$(inherited)",
				);
				GCC_WARN_64_TO_32_BIT_CONVERSION = YES;
				GCC_WARN_ABOUT_RETURN_TYPE = YES_ERROR;
				GCC_WARN_UNDECLARED_SELECTOR = YES;
				GCC_WARN_UNINITIALIZED_AUTOS = YES_AGGRESSIVE;
				GCC_WARN_UNUSED_FUNCTION = YES;
				GCC_WARN_UNUSED_VARIABLE = YES;
				IPHONEOS_DEPLOYMENT_TARGET = 10.2;
				MTL_ENABLE_DEBUG_INFO = YES;
				ONLY_ACTIVE_ARCH = YES;
				SDKROOT = iphoneos;
				SWIFT_ACTIVE_COMPILATION_CONDITIONS = DEBUG;
				SWIFT_OPTIMIZATION_LEVEL = "-Onone";
			};
			name = Debug;
		};
		A8084D4520F646B300BBA48E /* Release */ = {
			isa = XCBuildConfiguration;
			buildSettings = {
				ALWAYS_SEARCH_USER_PATHS = NO;
				CLANG_ANALYZER_NONNULL = YES;
				CLANG_CXX_LANGUAGE_STANDARD = "gnu++0x";
				CLANG_CXX_LIBRARY = "libc++";
				CLANG_ENABLE_MODULES = YES;
				CLANG_ENABLE_OBJC_ARC = YES;
				CLANG_WARN_BOOL_CONVERSION = YES;
				CLANG_WARN_CONSTANT_CONVERSION = YES;
				CLANG_WARN_DIRECT_OBJC_ISA_USAGE = YES_ERROR;
				CLANG_WARN_DOCUMENTATION_COMMENTS = YES;
				CLANG_WARN_EMPTY_BODY = YES;
				CLANG_WARN_ENUM_CONVERSION = YES;
				CLANG_WARN_INFINITE_RECURSION = YES;
				CLANG_WARN_INT_CONVERSION = YES;
				CLANG_WARN_OBJC_ROOT_CLASS = YES_ERROR;
				CLANG_WARN_SUSPICIOUS_MOVE = YES;
				CLANG_WARN_UNREACHABLE_CODE = YES;
				CLANG_WARN__DUPLICATE_METHOD_MATCH = YES;
				"CODE_SIGN_IDENTITY[sdk=iphoneos*]" = "iPhone Developer";
				COPY_PHASE_STRIP = NO;
				DEBUG_INFORMATION_FORMAT = "dwarf-with-dsym";
				ENABLE_NS_ASSERTIONS = NO;
				ENABLE_STRICT_OBJC_MSGSEND = YES;
				GCC_C_LANGUAGE_STANDARD = gnu99;
				GCC_NO_COMMON_BLOCKS = YES;
				GCC_WARN_64_TO_32_BIT_CONVERSION = YES;
				GCC_WARN_ABOUT_RETURN_TYPE = YES_ERROR;
				GCC_WARN_UNDECLARED_SELECTOR = YES;
				GCC_WARN_UNINITIALIZED_AUTOS = YES_AGGRESSIVE;
				GCC_WARN_UNUSED_FUNCTION = YES;
				GCC_WARN_UNUSED_VARIABLE = YES;
				IPHONEOS_DEPLOYMENT_TARGET = 10.2;
				MTL_ENABLE_DEBUG_INFO = NO;
				SDKROOT = iphoneos;
				SWIFT_OPTIMIZATION_LEVEL = "-Owholemodule";
				VALIDATE_PRODUCT = YES;
			};
			name = Release;
		};
		A8084D4720F646B300BBA48E /* Debug */ = {
			isa = XCBuildConfiguration;
			buildSettings = {
				ASSETCATALOG_COMPILER_APPICON_NAME = AppIcon;
				DEVELOPMENT_TEAM = RZ8KC45XCK;
				INFOPLIST_FILE = singleViewTest/Info.plist;
				LD_RUNPATH_SEARCH_PATHS = "$(inherited) @executable_path/Frameworks";
				PRODUCT_BUNDLE_IDENTIFIER = sts.singleViewTest;
				PRODUCT_NAME = "$(TARGET_NAME)";
				SWIFT_VERSION = 3.0;
			};
			name = Debug;
		};
		A8084D4820F646B300BBA48E /* Release */ = {
			isa = XCBuildConfiguration;
			buildSettings = {
				ASSETCATALOG_COMPILER_APPICON_NAME = AppIcon;
				DEVELOPMENT_TEAM = RZ8KC45XCK;
				INFOPLIST_FILE = singleViewTest/Info.plist;
				LD_RUNPATH_SEARCH_PATHS = "$(inherited) @executable_path/Frameworks";
				PRODUCT_BUNDLE_IDENTIFIER = sts.singleViewTest;
				PRODUCT_NAME = "$(TARGET_NAME)";
				SWIFT_VERSION = 3.0;
			};
			name = Release;
		};
		A8084D4A20F646B300BBA48E /* Debug */ = {
			isa = XCBuildConfiguration;
			buildSettings = {
				ALWAYS_EMBED_SWIFT_STANDARD_LIBRARIES = YES;
				BUNDLE_LOADER = "$(TEST_HOST)";
				INFOPLIST_FILE = singleViewTestTests/Info.plist;
				LD_RUNPATH_SEARCH_PATHS = "$(inherited) @executable_path/Frameworks @loader_path/Frameworks";
				PRODUCT_BUNDLE_IDENTIFIER = sts.singleViewTestTests;
				PRODUCT_NAME = "$(TARGET_NAME)";
				SWIFT_VERSION = 3.0;
				TEST_HOST = "$(BUILT_PRODUCTS_DIR)/singleViewTest.app/singleViewTest";
			};
			name = Debug;
		};
		A8084D4B20F646B300BBA48E /* Release */ = {
			isa = XCBuildConfiguration;
			buildSettings = {
				ALWAYS_EMBED_SWIFT_STANDARD_LIBRARIES = YES;
				BUNDLE_LOADER = "$(TEST_HOST)";
				INFOPLIST_FILE = singleViewTestTests/Info.plist;
				LD_RUNPATH_SEARCH_PATHS = "$(inherited) @executable_path/Frameworks @loader_path/Frameworks";
				PRODUCT_BUNDLE_IDENTIFIER = sts.singleViewTestTests;
				PRODUCT_NAME = "$(TARGET_NAME)";
				SWIFT_VERSION = 3.0;
				TEST_HOST = "$(BUILT_PRODUCTS_DIR)/singleViewTest.app/singleViewTest";
			};
			name = Release;
		};
		A8084D4D20F646B300BBA48E /* Debug */ = {
			isa = XCBuildConfiguration;
			buildSettings = {
				ALWAYS_EMBED_SWIFT_STANDARD_LIBRARIES = YES;
				INFOPLIST_FILE = singleViewTestUITests/Info.plist;
				LD_RUNPATH_SEARCH_PATHS = "$(inherited) @executable_path/Frameworks @loader_path/Frameworks";
				PRODUCT_BUNDLE_IDENTIFIER = sts.singleViewTestUITests;
				PRODUCT_NAME = "$(TARGET_NAME)";
				SWIFT_VERSION = 3.0;
				TEST_TARGET_NAME = singleViewTest;
			};
			name = Debug;
		};
		A8084D4E20F646B300BBA48E /* Release */ = {
			isa = XCBuildConfiguration;
			buildSettings = {
				ALWAYS_EMBED_SWIFT_STANDARD_LIBRARIES = YES;
				INFOPLIST_FILE = singleViewTestUITests/Info.plist;
				LD_RUNPATH_SEARCH_PATHS = "$(inherited) @executable_path/Frameworks @loader_path/Frameworks";
				PRODUCT_BUNDLE_IDENTIFIER = sts.singleViewTestUITests;
				PRODUCT_NAME = "$(TARGET_NAME)";
				SWIFT_VERSION = 3.0;
				TEST_TARGET_NAME = singleViewTest;
			};
			name = Release;
		};
/* End XCBuildConfiguration section */

/* Begin XCConfigurationList section */
		A8084D1920F646B300BBA48E /* Build configuration list for PBXProject "singleViewTest" */ = {
			isa = XCConfigurationList;
			buildConfigurations = (
				A8084D4420F646B300BBA48E /* Debug */,
				A8084D4520F646B300BBA48E /* Release */,
			);
			defaultConfigurationIsVisible = 0;
			defaultConfigurationName = Release;
		};
		A8084D4620F646B300BBA48E /* Build configuration list for PBXNativeTarget "singleViewTest" */ = {
			isa = XCConfigurationList;
			buildConfigurations = (
				A8084D4720F646B300BBA48E /* Debug */,
				A8084D4820F646B300BBA48E /* Release */,
			);
			defaultConfigurationIsVisible = 0;
			defaultConfigurationName = Release;
		};
		A8084D4920F646B300BBA48E /* Build configuration list for PBXNativeTarget "singleViewTestTests" */ = {
			isa = XCConfigurationList;
			buildConfigurations = (
				A8084D4A20F646B300BBA48E /* Debug */,
				A8084D4B20F646B300BBA48E /* Release */,
			);
			defaultConfigurationIsVisible = 0;
			defaultConfigurationName = Release;
		};
		A8084D4C20F646B300BBA48E /* Build configuration list for PBXNativeTarget "singleViewTestUITests" */ = {
			isa = XCConfigurationList;
			buildConfigurations = (
				A8084D4D20F646B300BBA48E /* Debug */,
				A8084D4E20F646B300BBA48E /* Release */,
			);
			defaultConfigurationIsVisible = 0;
			defaultConfigurationName = Release;
		};
/* End XCConfigurationList section */
	};
	rootObject = A8084D1620F646B300BBA48E /* Project object */;
}
